
Microsoft Visual Studio Solution File, Format Version 12.00
# Visual Studio Version 17
VisualStudioVersion = 17.11.35431.28
MinimumVisualStudioVersion = 10.0.40219.1
Project("{FAE04EC0-301F-11D3-BF4B-00C04F79EFBC}") = "ReenbitTestTask24", "ReenbitTestTask24\ReenbitTestTask24.csproj", "{BC58D8E8-AA90-4356-89E7-139EB3BDB2FE}"
EndProject
Global
	GlobalSection(SolutionConfigurationPlatforms) = preSolution
		Debug|Any CPU = Debug|Any CPU
		Release|Any CPU = Release|Any CPU
	EndGlobalSection
	GlobalSection(ProjectConfigurationPlatforms) = postSolution
		{BC58D8E8-AA90-4356-89E7-139EB3BDB2FE}.Debug|Any CPU.ActiveCfg = Debug|Any CPU
		{BC58D8E8-AA90-4356-89E7-139EB3BDB2FE}.Debug|Any CPU.Build.0 = Debug|Any CPU
		{BC58D8E8-AA90-4356-89E7-139EB3BDB2FE}.Release|Any CPU.ActiveCfg = Release|Any CPU
		{BC58D8E8-AA90-4356-89E7-139EB3BDB2FE}.Release|Any CPU.Build.0 = Release|Any CPU
	EndGlobalSection
	GlobalSection(SolutionProperties) = preSolution
		HideSolutionNode = FALSE
	EndGlobalSection
	GlobalSection(ExtensibilityGlobals) = postSolution
		SolutionGuid = {2BD2B84A-8A3C-44BC-B558-8A4ABEB0C914}
	EndGlobalSection
EndGlobal
